
Microsoft Visual Studio Solution File, Format Version 12.00
# Visual Studio Version 16
VisualStudioVersion = 16.0.30204.135
MinimumVisualStudioVersion = 10.0.40219.1
Project("{FAE04EC0-301F-11D3-BF4B-00C04F79EFBC}") = "SoundMaker", "SoundMaker\SoundMaker.csproj", "{C7165F0D-5C49-4B4A-9D43-DC51335EAE88}"
EndProject
Global
	GlobalSection(SolutionConfigurationPlatforms) = preSolution
		Debug|Any CPU = Debug|Any CPU
		Release|Any CPU = Release|Any CPU
	EndGlobalSection
	GlobalSection(ProjectConfigurationPlatforms) = postSolution
		{C7165F0D-5C49-4B4A-9D43-DC51335EAE88}.Debug|Any CPU.ActiveCfg = Debug|Any CPU
		{C7165F0D-5C49-4B4A-9D43-DC51335EAE88}.Debug|Any CPU.Build.0 = Debug|Any CPU
		{C7165F0D-5C49-4B4A-9D43-DC51335EAE88}.Release|Any CPU.ActiveCfg = Release|Any CPU
		{C7165F0D-5C49-4B4A-9D43-DC51335EAE88}.Release|Any CPU.Build.0 = Release|Any CPU
	EndGlobalSection
	GlobalSection(SolutionProperties) = preSolution
		HideSolutionNode = FALSE
	EndGlobalSection
	GlobalSection(ExtensibilityGlobals) = postSolution
		SolutionGuid = {106CC4E9-D111-4057-8ABE-34A336292F19}
	EndGlobalSection
EndGlobal
